
Microsoft Visual Studio Solution File, Format Version 12.00
# Visual Studio 2012
Project("{FAE04EC0-301F-11D3-BF4B-00C04F79EFBC}") = "MyMvcSite", "MyMvcSite\MyMvcSite.csproj", "{C49FC749-E4B0-47EE-ADE8-51259A4A16FD}"
EndProject
Global
	GlobalSection(SolutionConfigurationPlatforms) = preSolution
		Debug|Any CPU = Debug|Any CPU
		Release|Any CPU = Release|Any CPU
	EndGlobalSection
	GlobalSection(ProjectConfigurationPlatforms) = postSolution
		{C49FC749-E4B0-47EE-ADE8-51259A4A16FD}.Debug|Any CPU.ActiveCfg = Debug|Any CPU
		{C49FC749-E4B0-47EE-ADE8-51259A4A16FD}.Debug|Any CPU.Build.0 = Debug|Any CPU
		{C49FC749-E4B0-47EE-ADE8-51259A4A16FD}.Release|Any CPU.ActiveCfg = Release|Any CPU
		{C49FC749-E4B0-47EE-ADE8-51259A4A16FD}.Release|Any CPU.Build.0 = Release|Any CPU
	EndGlobalSection
EndGlobal
